// !$*UTF8*$!
{
	archiveVersion = 1;
	classes = {
	};
	objectVersion = 46;
	objects = {

/* Begin PBXBuildFile section */
		94D543081F0CD93A007F9108 /* AppDelegate.swift in Sources */ = {isa = PBXBuildFile; fileRef = 94D543071F0CD93A007F9108 /* AppDelegate.swift */; };
		94D5430A1F0CD93A007F9108 /* ViewController.swift in Sources */ = {isa = PBXBuildFile; fileRef = 94D543091F0CD93A007F9108 /* ViewController.swift */; };
		94D5430D1F0CD93A007F9108 /* Main.storyboard in Resources */ = {isa = PBXBuildFile; fileRef = 94D5430B1F0CD93A007F9108 /* Main.storyboard */; };
		94D5430F1F0CD93A007F9108 /* Assets.xcassets in Resources */ = {isa = PBXBuildFile; fileRef = 94D5430E1F0CD93A007F9108 /* Assets.xcassets */; };
		94D543121F0CD93A007F9108 /* LaunchScreen.storyboard in Resources */ = {isa = PBXBuildFile; fileRef = 94D543101F0CD93A007F9108 /* LaunchScreen.storyboard */; };
		94D5431D1F0CD93A007F9108 /* MtgAwesomeTests.swift in Sources */ = {isa = PBXBuildFile; fileRef = 94D5431C1F0CD93A007F9108 /* MtgAwesomeTests.swift */; };
/* End PBXBuildFile section */

/* Begin PBXContainerItemProxy section */
		94D543191F0CD93A007F9108 /* PBXContainerItemProxy */ = {
			isa = PBXContainerItemProxy;
			containerPortal = 94D542FC1F0CD93A007F9108 /* Project object */;
			proxyType = 1;
			remoteGlobalIDString = 94D543031F0CD93A007F9108;
			remoteInfo = MtgAwesome;
		};
/* End PBXContainerItemProxy section */

/* Begin PBXFileReference section */
		94D543041F0CD93A007F9108 /* MtgAwesome.app */ = {isa = PBXFileReference; explicitFileType = wrapper.application; includeInIndex = 0; path = MtgAwesome.app; sourceTree = BUILT_PRODUCTS_DIR; };
		94D543071F0CD93A007F9108 /* AppDelegate.swift */ = {isa = PBXFileReference; lastKnownFileType = sourcecode.swift; path = AppDelegate.swift; sourceTree = "<group>"; };
		94D543091F0CD93A007F9108 /* ViewController.swift */ = {isa = PBXFileReference; lastKnownFileType = sourcecode.swift; path = ViewController.swift; sourceTree = "<group>"; };
		94D5430C1F0CD93A007F9108 /* Base */ = {isa = PBXFileReference; lastKnownFileType = file.storyboard; name = Base; path = Base.lproj/Main.storyboard; sourceTree = "<group>"; };
		94D5430E1F0CD93A007F9108 /* Assets.xcassets */ = {isa = PBXFileReference; lastKnownFileType = folder.assetcatalog; path = Assets.xcassets; sourceTree = "<group>"; };
		94D543111F0CD93A007F9108 /* Base */ = {isa = PBXFileReference; lastKnownFileType = file.storyboard; name = Base; path = Base.lproj/LaunchScreen.storyboard; sourceTree = "<group>"; };
		94D543131F0CD93A007F9108 /* Info.plist */ = {isa = PBXFileReference; lastKnownFileType = text.plist.xml; path = Info.plist; sourceTree = "<group>"; };
		94D543181F0CD93A007F9108 /* MtgAwesomeTests.xctest */ = {isa = PBXFileReference; explicitFileType = wrapper.cfbundle; includeInIndex = 0; path = MtgAwesomeTests.xctest; sourceTree = BUILT_PRODUCTS_DIR; };
		94D5431C1F0CD93A007F9108 /* MtgAwesomeTests.swift */ = {isa = PBXFileReference; lastKnownFileType = sourcecode.swift; path = MtgAwesomeTests.swift; sourceTree = "<group>"; };
		94D5431E1F0CD93A007F9108 /* Info.plist */ = {isa = PBXFileReference; lastKnownFileType = text.plist.xml; path = Info.plist; sourceTree = "<group>"; };
/* End PBXFileReference section */

/* Begin PBXFrameworksBuildPhase section */
		94D543011F0CD93A007F9108 /* Frameworks */ = {
			isa = PBXFrameworksBuildPhase;
			buildActionMask = 2147483647;
			files = (
			);
			runOnlyForDeploymentPostprocessing = 0;
		};
		94D543151F0CD93A007F9108 /* Frameworks */ = {
			isa = PBXFrameworksBuildPhase;
			buildActionMask = 2147483647;
			files = (
			);
			runOnlyForDeploymentPostprocessing = 0;
		};
/* End PBXFrameworksBuildPhase section */

/* Begin PBXGroup section */
		94D542FB1F0CD93A007F9108 = {
			isa = PBXGroup;
			children = (
				94D543061F0CD93A007F9108 /* MtgAwesome */,
				94D5431B1F0CD93A007F9108 /* MtgAwesomeTests */,
				94D543051F0CD93A007F9108 /* Products */,
			);
			sourceTree = "<group>";
		};
		94D543051F0CD93A007F9108 /* Products */ = {
			isa = PBXGroup;
			children = (
				94D543041F0CD93A007F9108 /* MtgAwesome.app */,
				94D543181F0CD93A007F9108 /* MtgAwesomeTests.xctest */,
			);
			name = Products;
			sourceTree = "<group>";
		};
		94D543061F0CD93A007F9108 /* MtgAwesome */ = {
			isa = PBXGroup;
			children = (
				94D543071F0CD93A007F9108 /* AppDelegate.swift */,
				94D543091F0CD93A007F9108 /* ViewController.swift */,
				94D5430B1F0CD93A007F9108 /* Main.storyboard */,
				94D5430E1F0CD93A007F9108 /* Assets.xcassets */,
				94D543101F0CD93A007F9108 /* LaunchScreen.storyboard */,
				94D543131F0CD93A007F9108 /* Info.plist */,
			);
			path = MtgAwesome;
			sourceTree = "<group>";
		};
		94D5431B1F0CD93A007F9108 /* MtgAwesomeTests */ = {
			isa = PBXGroup;
			children = (
				94D5431C1F0CD93A007F9108 /* MtgAwesomeTests.swift */,
				94D5431E1F0CD93A007F9108 /* Info.plist */,
			);
			path = MtgAwesomeTests;
			sourceTree = "<group>";
		};
/* End PBXGroup section */

/* Begin PBXNativeTarget section */
		94D543031F0CD93A007F9108 /* MtgAwesome */ = {
			isa = PBXNativeTarget;
			buildConfigurationList = 94D543211F0CD93A007F9108 /* Build configuration list for PBXNativeTarget "MtgAwesome" */;
			buildPhases = (
				94D543001F0CD93A007F9108 /* Sources */,
				94D543011F0CD93A007F9108 /* Frameworks */,
				94D543021F0CD93A007F9108 /* Resources */,
			);
			buildRules = (
			);
			dependencies = (
			);
			name = MtgAwesome;
			productName = MtgAwesome;
			productReference = 94D543041F0CD93A007F9108 /* MtgAwesome.app */;
			productType = "com.apple.product-type.application";
		};
		94D543171F0CD93A007F9108 /* MtgAwesomeTests */ = {
			isa = PBXNativeTarget;
			buildConfigurationList = 94D543241F0CD93A007F9108 /* Build configuration list for PBXNativeTarget "MtgAwesomeTests" */;
			buildPhases = (
				94D543141F0CD93A007F9108 /* Sources */,
				94D543151F0CD93A007F9108 /* Frameworks */,
				94D543161F0CD93A007F9108 /* Resources */,
			);
			buildRules = (
			);
			dependencies = (
				94D5431A1F0CD93A007F9108 /* PBXTargetDependency */,
			);
			name = MtgAwesomeTests;
			productName = MtgAwesomeTests;
			productReference = 94D543181F0CD93A007F9108 /* MtgAwesomeTests.xctest */;
			productType = "com.apple.product-type.bundle.unit-test";
		};
/* End PBXNativeTarget section */

/* Begin PBXProject section */
		94D542FC1F0CD93A007F9108 /* Project object */ = {
			isa = PBXProject;
			attributes = {
				LastSwiftUpdateCheck = 0830;
				LastUpgradeCheck = 0830;
				ORGANIZATIONNAME = TramPamPam;
				TargetAttributes = {
					94D543031F0CD93A007F9108 = {
						CreatedOnToolsVersion = 8.3.1;
						ProvisioningStyle = Manual;
					};
					94D543171F0CD93A007F9108 = {
						CreatedOnToolsVersion = 8.3.1;
						DevelopmentTeam = 5263WTY557;
						ProvisioningStyle = Automatic;
						TestTargetID = 94D543031F0CD93A007F9108;
					};
				};
			};
			buildConfigurationList = 94D542FF1F0CD93A007F9108 /* Build configuration list for PBXProject "MtgAwesome" */;
			compatibilityVersion = "Xcode 3.2";
			developmentRegion = English;
			hasScannedForEncodings = 0;
			knownRegions = (
				en,
				Base,
			);
			mainGroup = 94D542FB1F0CD93A007F9108;
			productRefGroup = 94D543051F0CD93A007F9108 /* Products */;
			projectDirPath = "";
			projectRoot = "";
			targets = (
				94D543031F0CD93A007F9108 /* MtgAwesome */,
				94D543171F0CD93A007F9108 /* MtgAwesomeTests */,
			);
		};
/* End PBXProject section */

/* Begin PBXResourcesBuildPhase section */
		94D543021F0CD93A007F9108 /* Resources */ = {
			isa = PBXResourcesBuildPhase;
			buildActionMask = 2147483647;
			files = (
				94D543121F0CD93A007F9108 /* LaunchScreen.storyboard in Resources */,
				94D5430F1F0CD93A007F9108 /* Assets.xcassets in Resources */,
				94D5430D1F0CD93A007F9108 /* Main.storyboard in Resources */,
			);
			runOnlyForDeploymentPostprocessing = 0;
		};
		94D543161F0CD93A007F9108 /* Resources */ = {
			isa = PBXResourcesBuildPhase;
			buildActionMask = 2147483647;
			files = (
			);
			runOnlyForDeploymentPostprocessing = 0;
		};
/* End PBXResourcesBuildPhase section */

/* Begin PBXSourcesBuildPhase section */
		94D543001F0CD93A007F9108 /* Sources */ = {
			isa = PBXSourcesBuildPhase;
			buildActionMask = 2147483647;
			files = (
				94D5430A1F0CD93A007F9108 /* ViewController.swift in Sources */,
				94D543081F0CD93A007F9108 /* AppDelegate.swift in Sources */,
			);
			runOnlyForDeploymentPostprocessing = 0;
		};
		94D543141F0CD93A007F9108 /* Sources */ = {
			isa = PBXSourcesBuildPhase;
			buildActionMask = 2147483647;
			files = (
				94D5431D1F0CD93A007F9108 /* MtgAwesomeTests.swift in Sources */,
			);
			runOnlyForDeploymentPostprocessing = 0;
		};
/* End PBXSourcesBuildPhase section */

/* Begin PBXTargetDependency section */
		94D5431A1F0CD93A007F9108 /* PBXTargetDependency */ = {
			isa = PBXTargetDependency;
			target = 94D543031F0CD93A007F9108 /* MtgAwesome */;
			targetProxy = 94D543191F0CD93A007F9108 /* PBXContainerItemProxy */;
		};
/* End PBXTargetDependency section */

/* Begin PBXVariantGroup section */
		94D5430B1F0CD93A007F9108 /* Main.storyboard */ = {
			isa = PBXVariantGroup;
			children = (
				94D5430C1F0CD93A007F9108 /* Base */,
			);
			name = Main.storyboard;
			sourceTree = "<group>";
		};
		94D543101F0CD93A007F9108 /* LaunchScreen.storyboard */ = {
			isa = PBXVariantGroup;
			children = (
				94D543111F0CD93A007F9108 /* Base */,
			);
			name = LaunchScreen.storyboard;
			sourceTree = "<group>";
		};
/* End PBXVariantGroup section */

/* Begin XCBuildConfiguration section */
		94D5431F1F0CD93A007F9108 /* Debug */ = {
			isa = XCBuildConfiguration;
			buildSettings = {
				ALWAYS_SEARCH_USER_PATHS = NO;
				CLANG_ANALYZER_NONNULL = YES;
				CLANG_ANALYZER_NUMBER_OBJECT_CONVERSION = YES_AGGRESSIVE;
				CLANG_CXX_LANGUAGE_STANDARD = "gnu++0x";
				CLANG_CXX_LIBRARY = "libc++";
				CLANG_ENABLE_MODULES = YES;
				CLANG_ENABLE_OBJC_ARC = YES;
				CLANG_WARN_BOOL_CONVERSION = YES;
				CLANG_WARN_CONSTANT_CONVERSION = YES;
				CLANG_WARN_DIRECT_OBJC_ISA_USAGE = YES_ERROR;
				CLANG_WARN_DOCUMENTATION_COMMENTS = YES;
				CLANG_WARN_EMPTY_BODY = YES;
				CLANG_WARN_ENUM_CONVERSION = YES;
				CLANG_WARN_INFINITE_RECURSION = YES;
				CLANG_WARN_INT_CONVERSION = YES;
				CLANG_WARN_OBJC_ROOT_CLASS = YES_ERROR;
				CLANG_WARN_SUSPICIOUS_MOVE = YES;
				CLANG_WARN_UNREACHABLE_CODE = YES;
				CLANG_WARN__DUPLICATE_METHOD_MATCH = YES;
				"CODE_SIGN_IDENTITY[sdk=iphoneos*]" = "iPhone Developer";
				COPY_PHASE_STRIP = NO;
				DEBUG_INFORMATION_FORMAT = dwarf;
				ENABLE_STRICT_OBJC_MSGSEND = YES;
				ENABLE_TESTABILITY = YES;
				GCC_C_LANGUAGE_STANDARD = gnu99;
				GCC_DYNAMIC_NO_PIC = NO;
				GCC_NO_COMMON_BLOCKS = YES;
				GCC_OPTIMIZATION_LEVEL = 0;
				GCC_PREPROCESSOR_DEFINITIONS = (
					"DEBUG=1",
					"$(inherited)",
				);
				GCC_WARN_64_TO_32_BIT_CONVERSION = YES;
				GCC_WARN_ABOUT_RETURN_TYPE = YES_ERROR;
				GCC_WARN_UNDECLARED_SELECTOR = YES;
				GCC_WARN_UNINITIALIZED_AUTOS = YES_AGGRESSIVE;
				GCC_WARN_UNUSED_FUNCTION = YES;
				GCC_WARN_UNUSED_VARIABLE = YES;
				IPHONEOS_DEPLOYMENT_TARGET = 10.3;
				MTL_ENABLE_DEBUG_INFO = YES;
				ONLY_ACTIVE_ARCH = YES;
				SDKROOT = iphoneos;
				SWIFT_ACTIVE_COMPILATION_CONDITIONS = DEBUG;
				SWIFT_OPTIMIZATION_LEVEL = "-Onone";
				TARGETED_DEVICE_FAMILY = "1,2";
			};
			name = Debug;
		};
		94D543201F0CD93A007F9108 /* Release */ = {
			isa = XCBuildConfiguration;
			buildSettings = {
				ALWAYS_SEARCH_USER_PATHS = NO;
				CLANG_ANALYZER_NONNULL = YES;
				CLANG_ANALYZER_NUMBER_OBJECT_CONVERSION = YES_AGGRESSIVE;
				CLANG_CXX_LANGUAGE_STANDARD = "gnu++0x";
				CLANG_CXX_LIBRARY = "libc++";
				CLANG_ENABLE_MODULES = YES;
				CLANG_ENABLE_OBJC_ARC = YES;
				CLANG_WARN_BOOL_CONVERSION = YES;
				CLANG_WARN_CONSTANT_CONVERSION = YES;
				CLANG_WARN_DIRECT_OBJC_ISA_USAGE = YES_ERROR;
				CLANG_WARN_DOCUMENTATION_COMMENTS = YES;
				CLANG_WARN_EMPTY_BODY = YES;
				CLANG_WARN_ENUM_CONVERSION = YES;
				CLANG_WARN_INFINITE_RECURSION = YES;
				CLANG_WARN_INT_CONVERSION = YES;
				CLANG_WARN_OBJC_ROOT_CLASS = YES_ERROR;
				CLANG_WARN_SUSPICIOUS_MOVE = YES;
				CLANG_WARN_UNREACHABLE_CODE = YES;
				CLANG_WARN__DUPLICATE_METHOD_MATCH = YES;
				"CODE_SIGN_IDENTITY[sdk=iphoneos*]" = "iPhone Developer";
				COPY_PHASE_STRIP = NO;
				DEBUG_INFORMATION_FORMAT = "dwarf-with-dsym";
				ENABLE_NS_ASSERTIONS = NO;
				ENABLE_STRICT_OBJC_MSGSEND = YES;
				GCC_C_LANGUAGE_STANDARD = gnu99;
				GCC_NO_COMMON_BLOCKS = YES;
				GCC_WARN_64_TO_32_BIT_CONVERSION = YES;
				GCC_WARN_ABOUT_RETURN_TYPE = YES_ERROR;
				GCC_WARN_UNDECLARED_SELECTOR = YES;
				GCC_WARN_UNINITIALIZED_AUTOS = YES_AGGRESSIVE;
				GCC_WARN_UNUSED_FUNCTION = YES;
				GCC_WARN_UNUSED_VARIABLE = YES;
				IPHONEOS_DEPLOYMENT_TARGET = 10.3;
				MTL_ENABLE_DEBUG_INFO = NO;
				SDKROOT = iphoneos;
				SWIFT_OPTIMIZATION_LEVEL = "-Owholemodule";
				TARGETED_DEVICE_FAMILY = "1,2";
				VALIDATE_PRODUCT = YES;
			};
			name = Release;
		};
		94D543221F0CD93A007F9108 /* Debug */ = {
			isa = XCBuildConfiguration;
			buildSettings = {
				ASSETCATALOG_COMPILER_APPICON_NAME = AppIcon;
				DEVELOPMENT_TEAM = "";
				INFOPLIST_FILE = MtgAwesome/Info.plist;
				LD_RUNPATH_SEARCH_PATHS = "$(inherited) @executable_path/Frameworks";
				PRODUCT_BUNDLE_IDENTIFIER = com.TramPamPam.MtgAwesome;
				PRODUCT_NAME = "$(TARGET_NAME)";
				PROVISIONING_PROFILE_SPECIFIER = "";
				SWIFT_VERSION = 3.0;
			};
			name = Debug;
		};
		94D543231F0CD93A007F9108 /* Release */ = {
			isa = XCBuildConfiguration;
			buildSettings = {
				ASSETCATALOG_COMPILER_APPICON_NAME = AppIcon;
				DEVELOPMENT_TEAM = "";
				INFOPLIST_FILE = MtgAwesome/Info.plist;
				LD_RUNPATH_SEARCH_PATHS = "$(inherited) @executable_path/Frameworks";
				PRODUCT_BUNDLE_IDENTIFIER = com.TramPamPam.MtgAwesome;
				PRODUCT_NAME = "$(TARGET_NAME)";
				PROVISIONING_PROFILE_SPECIFIER = "";
				SWIFT_VERSION = 3.0;
			};
			name = Release;
		};
		94D543251F0CD93A007F9108 /* Debug */ = {
			isa = XCBuildConfiguration;
			buildSettings = {
				ALWAYS_EMBED_SWIFT_STANDARD_LIBRARIES = YES;
				BUNDLE_LOADER = "$(TEST_HOST)";
				DEVELOPMENT_TEAM = 5263WTY557;
				INFOPLIST_FILE = MtgAwesomeTests/Info.plist;
				LD_RUNPATH_SEARCH_PATHS = "$(inherited) @executable_path/Frameworks @loader_path/Frameworks";
				PRODUCT_BUNDLE_IDENTIFIER = com.TramPamPam.MtgAwesomeTests;
				PRODUCT_NAME = "$(TARGET_NAME)";
				SWIFT_VERSION = 3.0;
				TEST_HOST = "$(BUILT_PRODUCTS_DIR)/MtgAwesome.app/MtgAwesome";
			};
			name = Debug;
		};
		94D543261F0CD93A007F9108 /* Release */ = {
			isa = XCBuildConfiguration;
			buildSettings = {
				ALWAYS_EMBED_SWIFT_STANDARD_LIBRARIES = YES;
				BUNDLE_LOADER = "$(TEST_HOST)";
				DEVELOPMENT_TEAM = 5263WTY557;
				INFOPLIST_FILE = MtgAwesomeTests/Info.plist;
				LD_RUNPATH_SEARCH_PATHS = "$(inherited) @executable_path/Frameworks @loader_path/Frameworks";
				PRODUCT_BUNDLE_IDENTIFIER = com.TramPamPam.MtgAwesomeTests;
				PRODUCT_NAME = "$(TARGET_NAME)";
				SWIFT_VERSION = 3.0;
				TEST_HOST = "$(BUILT_PRODUCTS_DIR)/MtgAwesome.app/MtgAwesome";
			};
			name = Release;
		};
/* End XCBuildConfiguration section */

/* Begin XCConfigurationList section */
		94D542FF1F0CD93A007F9108 /* Build configuration list for PBXProject "MtgAwesome" */ = {
			isa = XCConfigurationList;
			buildConfigurations = (
				94D5431F1F0CD93A007F9108 /* Debug */,
				94D543201F0CD93A007F9108 /* Release */,
			);
			defaultConfigurationIsVisible = 0;
			defaultConfigurationName = Release;
		};
		94D543211F0CD93A007F9108 /* Build configuration list for PBXNativeTarget "MtgAwesome" */ = {
			isa = XCConfigurationList;
			buildConfigurations = (
				94D543221F0CD93A007F9108 /* Debug */,
				94D543231F0CD93A007F9108 /* Release */,
			);
			defaultConfigurationIsVisible = 0;
			defaultConfigurationName = Release;
		};
		94D543241F0CD93A007F9108 /* Build configuration list for PBXNativeTarget "MtgAwesomeTests" */ = {
			isa = XCConfigurationList;
			buildConfigurations = (
				94D543251F0CD93A007F9108 /* Debug */,
				94D543261F0CD93A007F9108 /* Release */,
			);
			defaultConfigurationIsVisible = 0;
			defaultConfigurationName = Release;
		};
/* End XCConfigurationList section */
	};
	rootObject = 94D542FC1F0CD93A007F9108 /* Project object */;
}
